<?xml version="1.0" encoding="utf-8"?>
<Project ToolsVersion="4.0" xmlns="http://schemas.microsoft.com/developer/msbuild/2003">
  <ItemGroup>
    <Filter Include="Template Files">
      <UniqueIdentifier>{f9bbc69c-f5fe-49a0-bf8e-6af82c2e0956}</UniqueIdentifier>
      <Extensions>txt</Extensions>
    </Filter>
    <Filter Include="HTML Files">
      <UniqueIdentifier>{178a77ed-4952-4077-94a6-0249fd3c6cc3}</UniqueIdentifier>
      <Extensions>htm</Extensions>
    </Filter>
    <Filter Include="Image Files">
      <UniqueIdentifier>{f8101ff6-23b6-4909-88c8-569c10a8733c}</UniqueIdentifier>
      <Extensions>bmp</Extensions>
    </Filter>
    <Filter Include="Script Files">
      <UniqueIdentifier>{bde17ddf-2e97-44c8-97b4-d600aee5a4c9}</UniqueIdentifier>
      <Extensions>js</Extensions>
    </Filter>
    <Filter Include="Miscellaneous Files">
      <UniqueIdentifier>{41b7415b-6827-4f6f-b141-09eac85102e0}</UniqueIdentifier>
      <Extensions>vsz;vsdir;ico;vcxproj;csproj;css;inf</Extensions>
    </Filter>
  </ItemGroup>
  <ItemGroup>
    <Text Include="Templates\1033\ReadMe.txt">
      <Filter>Template Files</Filter>
    </Text>
  </ItemGroup>
  <ItemGroup>
    <None Include="Templates\1033\Templates.inf">
      <Filter>Miscellaneous Files</Filter>
    </None>
    <None Include="Scripts\1033\default.js">
      <Filter>Script Files</Filter>
    </None>
    <None Include="default.vcxproj">
      <Filter>Miscellaneous Files</Filter>
    </None>
    <None Include="Templates\1033\TemplateContestModule.def">
      <Filter>Template Files</Filter>
    </None>
    <None Include="Templates\1033\TemplateContestModule.rgs">
      <Filter>Template Files</Filter>
    </None>
    <None Include="Templates\1033\product.wxs">
      <Filter>Template Files</Filter>
    </None>
    <None Include="WL12ProjectWizard2017.vsdir">
      <Filter>Miscellaneous Files</Filter>
    </None>
    <None Include="WL12ProjectWizard2017.vsz">
      <Filter>Miscellaneous Files</Filter>
    </None>
  </ItemGroup>
  <ItemGroup>
    <ClCompile Include="Templates\1033\dllmain.cpp">
      <Filter>Template Files</Filter>
    </ClCompile>
    <ClCompile Include="Templates\1033\stdafx.cpp">
      <Filter>Template Files</Filter>
    </ClCompile>
    <ClCompile Include="Templates\1033\TemplateContestModule.cpp">
      <Filter>Template Files</Filter>
    </ClCompile>
  </ItemGroup>
  <ItemGroup>
    <ClInclude Include="Templates\1033\dllmain.h">
      <Filter>Template Files</Filter>
    </ClInclude>
    <ClInclude Include="Templates\1033\Resource.h">
      <Filter>Template Files</Filter>
    </ClInclude>
    <ClInclude Include="Templates\1033\stdafx.h">
      <Filter>Template Files</Filter>
    </ClInclude>
    <ClInclude Include="Templates\1033\targetver.h">
      <Filter>Template Files</Filter>
    </ClInclude>
  </ItemGroup>
  <ItemGroup>
    <Midl Include="Templates\1033\TemplateContestModule.idl">
      <Filter>Template Files</Filter>
    </Midl>
  </ItemGroup>
  <ItemGroup>
    <ResourceCompile Include="Templates\1033\TemplateContestModule.rc">
      <Filter>Template Files</Filter>
    </ResourceCompile>
  </ItemGroup>
  <ItemGroup>
    <Image Include="WL12ProjectWizard2017.ico">
      <Filter>Miscellaneous Files</Filter>
    </Image>
  </ItemGroup>
</Project>