
Microsoft Visual Studio Solution File, Format Version 12.00
# Visual Studio Version 17
VisualStudioVersion = 17.11.35312.102
MinimumVisualStudioVersion = 10.0.40219.1
Project("{8BC9CEB8-8B4A-11D0-8D11-00A0C91BC942}") = "WL12ProjectWizard2022", "WL12ProjectWizard.vcxproj", "{946C1235-6B7F-461C-BB1D-81BB20A2B640}"
EndProject
Global
	GlobalSection(SolutionConfigurationPlatforms) = preSolution
		Debug|x86 = Debug|x86
		Release|x86 = Release|x86
	EndGlobalSection
	GlobalSection(ProjectConfigurationPlatforms) = postSolution
		{946C1235-6B7F-461C-BB1D-81BB20A2B640}.Debug|x86.ActiveCfg = Debug|Win32
		{946C1235-6B7F-461C-BB1D-81BB20A2B640}.Debug|x86.Build.0 = Debug|Win32
		{946C1235-6B7F-461C-BB1D-81BB20A2B640}.Release|x86.ActiveCfg = Release|Win32
		{946C1235-6B7F-461C-BB1D-81BB20A2B640}.Release|x86.Build.0 = Release|Win32
	EndGlobalSection
	GlobalSection(SolutionProperties) = preSolution
		HideSolutionNode = FALSE
	EndGlobalSection
	GlobalSection(ExtensibilityGlobals) = postSolution
		SolutionGuid = {6631F625-37CE-4848-8BD7-9C1D07292633}
	EndGlobalSection
EndGlobal
