
Microsoft Visual Studio Solution File, Format Version 10.00
# Visual Studio 2008
Project("{8BC9CEB8-8B4A-11D0-8D11-00A0C91BC942}") = "WL11ProjectWizard", "WL11ProjectWizard.vcproj", "{811EFF47-6954-43E7-A01D-584596A2BEDE}"
EndProject
Global
	GlobalSection(SolutionConfigurationPlatforms) = preSolution
		Debug|Win32 = Debug|Win32
		Release|Win32 = Release|Win32
	EndGlobalSection
	GlobalSection(ProjectConfigurationPlatforms) = postSolution
		{811EFF47-6954-43E7-A01D-584596A2BEDE}.Debug|Win32.ActiveCfg = Debug|Win32
		{811EFF47-6954-43E7-A01D-584596A2BEDE}.Debug|Win32.Build.0 = Debug|Win32
		{811EFF47-6954-43E7-A01D-584596A2BEDE}.Release|Win32.ActiveCfg = Release|Win32
		{811EFF47-6954-43E7-A01D-584596A2BEDE}.Release|Win32.Build.0 = Release|Win32
	EndGlobalSection
	GlobalSection(SolutionProperties) = preSolution
		HideSolutionNode = FALSE
	EndGlobalSection
EndGlobal
